// !$*UTF8*$!
{
	archiveVersion = 1;
	classes = {
	};
	objectVersion = 55;
	objects = {

/* Begin PBXBuildFile section */
		25544A392742FFCC00783F60 /* Tests_iOS.swift in Sources */ = {isa = PBXBuildFile; fileRef = 25544A382742FFCC00783F60 /* Tests_iOS.swift */; };
		25544A3B2742FFCC00783F60 /* Tests_iOSLaunchTests.swift in Sources */ = {isa = PBXBuildFile; fileRef = 25544A3A2742FFCC00783F60 /* Tests_iOSLaunchTests.swift */; };
		25544A452742FFCC00783F60 /* Tests_macOS.swift in Sources */ = {isa = PBXBuildFile; fileRef = 25544A442742FFCC00783F60 /* Tests_macOS.swift */; };
		25544A472742FFCC00783F60 /* Tests_macOSLaunchTests.swift in Sources */ = {isa = PBXBuildFile; fileRef = 25544A462742FFCC00783F60 /* Tests_macOSLaunchTests.swift */; };
		25544A482742FFCC00783F60 /* NinjaPortfolioApp.swift in Sources */ = {isa = PBXBuildFile; fileRef = 25544A202742FFC600783F60 /* NinjaPortfolioApp.swift */; };
		25544A492742FFCC00783F60 /* NinjaPortfolioApp.swift in Sources */ = {isa = PBXBuildFile; fileRef = 25544A202742FFC600783F60 /* NinjaPortfolioApp.swift */; };
		25544A4A2742FFCC00783F60 /* ContentView.swift in Sources */ = {isa = PBXBuildFile; fileRef = 25544A212742FFC600783F60 /* ContentView.swift */; };
		25544A4B2742FFCC00783F60 /* ContentView.swift in Sources */ = {isa = PBXBuildFile; fileRef = 25544A212742FFC600783F60 /* ContentView.swift */; };
		25544A4C2742FFCC00783F60 /* Assets.xcassets in Resources */ = {isa = PBXBuildFile; fileRef = 25544A222742FFCC00783F60 /* Assets.xcassets */; };
		25544A4D2742FFCC00783F60 /* Assets.xcassets in Resources */ = {isa = PBXBuildFile; fileRef = 25544A222742FFCC00783F60 /* Assets.xcassets */; };
		25544A61274307F200783F60 /* NinjaKit in Frameworks */ = {isa = PBXBuildFile; productRef = 25544A60274307F200783F60 /* NinjaKit */; };
		25544A632743080300783F60 /* NinjaKit in Frameworks */ = {isa = PBXBuildFile; productRef = 25544A622743080300783F60 /* NinjaKit */; };
/* End PBXBuildFile section */

/* Begin PBXContainerItemProxy section */
		25544A352742FFCC00783F60 /* PBXContainerItemProxy */ = {
			isa = PBXContainerItemProxy;
			containerPortal = 25544A1B2742FFC600783F60 /* Project object */;
			proxyType = 1;
			remoteGlobalIDString = 25544A262742FFCC00783F60;
			remoteInfo = "NinjaPortfolio (iOS)";
		};
		25544A412742FFCC00783F60 /* PBXContainerItemProxy */ = {
			isa = PBXContainerItemProxy;
			containerPortal = 25544A1B2742FFC600783F60 /* Project object */;
			proxyType = 1;
			remoteGlobalIDString = 25544A2C2742FFCC00783F60;
			remoteInfo = "NinjaPortfolio (macOS)";
		};
/* End PBXContainerItemProxy section */

/* Begin PBXFileReference section */
		25544A202742FFC600783F60 /* NinjaPortfolioApp.swift */ = {isa = PBXFileReference; lastKnownFileType = sourcecode.swift; path = NinjaPortfolioApp.swift; sourceTree = "<group>"; };
		25544A212742FFC600783F60 /* ContentView.swift */ = {isa = PBXFileReference; lastKnownFileType = sourcecode.swift; path = ContentView.swift; sourceTree = "<group>"; };
		25544A222742FFCC00783F60 /* Assets.xcassets */ = {isa = PBXFileReference; lastKnownFileType = folder.assetcatalog; path = Assets.xcassets; sourceTree = "<group>"; };
		25544A272742FFCC00783F60 /* NinjaPortfolio.app */ = {isa = PBXFileReference; explicitFileType = wrapper.application; includeInIndex = 0; path = NinjaPortfolio.app; sourceTree = BUILT_PRODUCTS_DIR; };
		25544A2D2742FFCC00783F60 /* NinjaPortfolio.app */ = {isa = PBXFileReference; explicitFileType = wrapper.application; includeInIndex = 0; path = NinjaPortfolio.app; sourceTree = BUILT_PRODUCTS_DIR; };
		25544A2F2742FFCC00783F60 /* macOS.entitlements */ = {isa = PBXFileReference; lastKnownFileType = text.plist.entitlements; path = macOS.entitlements; sourceTree = "<group>"; };
		25544A342742FFCC00783F60 /* Tests iOS.xctest */ = {isa = PBXFileReference; explicitFileType = wrapper.cfbundle; includeInIndex = 0; path = "Tests iOS.xctest"; sourceTree = BUILT_PRODUCTS_DIR; };
		25544A382742FFCC00783F60 /* Tests_iOS.swift */ = {isa = PBXFileReference; lastKnownFileType = sourcecode.swift; path = Tests_iOS.swift; sourceTree = "<group>"; };
		25544A3A2742FFCC00783F60 /* Tests_iOSLaunchTests.swift */ = {isa = PBXFileReference; lastKnownFileType = sourcecode.swift; path = Tests_iOSLaunchTests.swift; sourceTree = "<group>"; };
		25544A402742FFCC00783F60 /* Tests macOS.xctest */ = {isa = PBXFileReference; explicitFileType = wrapper.cfbundle; includeInIndex = 0; path = "Tests macOS.xctest"; sourceTree = BUILT_PRODUCTS_DIR; };
		25544A442742FFCC00783F60 /* Tests_macOS.swift */ = {isa = PBXFileReference; lastKnownFileType = sourcecode.swift; path = Tests_macOS.swift; sourceTree = "<group>"; };
		25544A462742FFCC00783F60 /* Tests_macOSLaunchTests.swift */ = {isa = PBXFileReference; lastKnownFileType = sourcecode.swift; path = Tests_macOSLaunchTests.swift; sourceTree = "<group>"; };
		25544A5D2743015C00783F60 /* NinjaKit */ = {isa = PBXFileReference; lastKnownFileType = folder; name = NinjaKit; path = ../NinjaKit; sourceTree = "<group>"; };
/* End PBXFileReference section */

/* Begin PBXFrameworksBuildPhase section */
		25544A242742FFCC00783F60 /* Frameworks */ = {
			isa = PBXFrameworksBuildPhase;
			buildActionMask = 2147483647;
			files = (
				25544A61274307F200783F60 /* NinjaKit in Frameworks */,
			);
			runOnlyForDeploymentPostprocessing = 0;
		};
		25544A2A2742FFCC00783F60 /* Frameworks */ = {
			isa = PBXFrameworksBuildPhase;
			buildActionMask = 2147483647;
			files = (
				25544A632743080300783F60 /* NinjaKit in Frameworks */,
			);
			runOnlyForDeploymentPostprocessing = 0;
		};
		25544A312742FFCC00783F60 /* Frameworks */ = {
			isa = PBXFrameworksBuildPhase;
			buildActionMask = 2147483647;
			files = (
			);
			runOnlyForDeploymentPostprocessing = 0;
		};
		25544A3D2742FFCC00783F60 /* Frameworks */ = {
			isa = PBXFrameworksBuildPhase;
			buildActionMask = 2147483647;
			files = (
			);
			runOnlyForDeploymentPostprocessing = 0;
		};
/* End PBXFrameworksBuildPhase section */

/* Begin PBXGroup section */
		25544A1A2742FFC600783F60 = {
			isa = PBXGroup;
			children = (
				25544A5C2743015C00783F60 /* Packages */,
				25544A1F2742FFC600783F60 /* Shared */,
				25544A2E2742FFCC00783F60 /* macOS */,
				25544A372742FFCC00783F60 /* Tests iOS */,
				25544A432742FFCC00783F60 /* Tests macOS */,
				25544A282742FFCC00783F60 /* Products */,
				25544A5F274307F200783F60 /* Frameworks */,
			);
			sourceTree = "<group>";
		};
		25544A1F2742FFC600783F60 /* Shared */ = {
			isa = PBXGroup;
			children = (
				25544A202742FFC600783F60 /* NinjaPortfolioApp.swift */,
				25544A212742FFC600783F60 /* ContentView.swift */,
				25544A222742FFCC00783F60 /* Assets.xcassets */,
			);
			path = Shared;
			sourceTree = "<group>";
		};
		25544A282742FFCC00783F60 /* Products */ = {
			isa = PBXGroup;
			children = (
				25544A272742FFCC00783F60 /* NinjaPortfolio.app */,
				25544A2D2742FFCC00783F60 /* NinjaPortfolio.app */,
				25544A342742FFCC00783F60 /* Tests iOS.xctest */,
				25544A402742FFCC00783F60 /* Tests macOS.xctest */,
			);
			name = Products;
			sourceTree = "<group>";
		};
		25544A2E2742FFCC00783F60 /* macOS */ = {
			isa = PBXGroup;
			children = (
				25544A2F2742FFCC00783F60 /* macOS.entitlements */,
			);
			path = macOS;
			sourceTree = "<group>";
		};
		25544A372742FFCC00783F60 /* Tests iOS */ = {
			isa = PBXGroup;
			children = (
				25544A382742FFCC00783F60 /* Tests_iOS.swift */,
				25544A3A2742FFCC00783F60 /* Tests_iOSLaunchTests.swift */,
			);
			path = "Tests iOS";
			sourceTree = "<group>";
		};
		25544A432742FFCC00783F60 /* Tests macOS */ = {
			isa = PBXGroup;
			children = (
				25544A442742FFCC00783F60 /* Tests_macOS.swift */,
				25544A462742FFCC00783F60 /* Tests_macOSLaunchTests.swift */,
			);
			path = "Tests macOS";
			sourceTree = "<group>";
		};
		25544A5C2743015C00783F60 /* Packages */ = {
			isa = PBXGroup;
			children = (
				25544A5D2743015C00783F60 /* NinjaKit */,
			);
			name = Packages;
			sourceTree = "<group>";
		};
		25544A5F274307F200783F60 /* Frameworks */ = {
			isa = PBXGroup;
			children = (
			);
			name = Frameworks;
			sourceTree = "<group>";
		};
/* End PBXGroup section */

/* Begin PBXNativeTarget section */
		25544A262742FFCC00783F60 /* NinjaPortfolio (iOS) */ = {
			isa = PBXNativeTarget;
			buildConfigurationList = 25544A502742FFCC00783F60 /* Build configuration list for PBXNativeTarget "NinjaPortfolio (iOS)" */;
			buildPhases = (
				25544A232742FFCC00783F60 /* Sources */,
				25544A242742FFCC00783F60 /* Frameworks */,
				25544A252742FFCC00783F60 /* Resources */,
			);
			buildRules = (
			);
			dependencies = (
			);
			name = "NinjaPortfolio (iOS)";
			packageProductDependencies = (
				25544A60274307F200783F60 /* NinjaKit */,
			);
			productName = "NinjaPortfolio (iOS)";
			productReference = 25544A272742FFCC00783F60 /* NinjaPortfolio.app */;
			productType = "com.apple.product-type.application";
		};
		25544A2C2742FFCC00783F60 /* NinjaPortfolio (macOS) */ = {
			isa = PBXNativeTarget;
			buildConfigurationList = 25544A532742FFCC00783F60 /* Build configuration list for PBXNativeTarget "NinjaPortfolio (macOS)" */;
			buildPhases = (
				25544A292742FFCC00783F60 /* Sources */,
				25544A2A2742FFCC00783F60 /* Frameworks */,
				25544A2B2742FFCC00783F60 /* Resources */,
			);
			buildRules = (
			);
			dependencies = (
			);
			name = "NinjaPortfolio (macOS)";
			packageProductDependencies = (
				25544A622743080300783F60 /* NinjaKit */,
			);
			productName = "NinjaPortfolio (macOS)";
			productReference = 25544A2D2742FFCC00783F60 /* NinjaPortfolio.app */;
			productType = "com.apple.product-type.application";
		};
		25544A332742FFCC00783F60 /* Tests iOS */ = {
			isa = PBXNativeTarget;
			buildConfigurationList = 25544A562742FFCC00783F60 /* Build configuration list for PBXNativeTarget "Tests iOS" */;
			buildPhases = (
				25544A302742FFCC00783F60 /* Sources */,
				25544A312742FFCC00783F60 /* Frameworks */,
				25544A322742FFCC00783F60 /* Resources */,
			);
			buildRules = (
			);
			dependencies = (
				25544A362742FFCC00783F60 /* PBXTargetDependency */,
			);
			name = "Tests iOS";
			productName = "Tests iOS";
			productReference = 25544A342742FFCC00783F60 /* Tests iOS.xctest */;
			productType = "com.apple.product-type.bundle.ui-testing";
		};
		25544A3F2742FFCC00783F60 /* Tests macOS */ = {
			isa = PBXNativeTarget;
			buildConfigurationList = 25544A592742FFCC00783F60 /* Build configuration list for PBXNativeTarget "Tests macOS" */;
			buildPhases = (
				25544A3C2742FFCC00783F60 /* Sources */,
				25544A3D2742FFCC00783F60 /* Frameworks */,
				25544A3E2742FFCC00783F60 /* Resources */,
			);
			buildRules = (
			);
			dependencies = (
				25544A422742FFCC00783F60 /* PBXTargetDependency */,
			);
			name = "Tests macOS";
			productName = "Tests macOS";
			productReference = 25544A402742FFCC00783F60 /* Tests macOS.xctest */;
			productType = "com.apple.product-type.bundle.ui-testing";
		};
/* End PBXNativeTarget section */

/* Begin PBXProject section */
		25544A1B2742FFC600783F60 /* Project object */ = {
			isa = PBXProject;
			attributes = {
				BuildIndependentTargetsInParallel = 1;
				LastSwiftUpdateCheck = 1310;
				LastUpgradeCheck = 1310;
				TargetAttributes = {
					25544A262742FFCC00783F60 = {
						CreatedOnToolsVersion = 13.1;
					};
					25544A2C2742FFCC00783F60 = {
						CreatedOnToolsVersion = 13.1;
					};
					25544A332742FFCC00783F60 = {
						CreatedOnToolsVersion = 13.1;
						TestTargetID = 25544A262742FFCC00783F60;
					};
					25544A3F2742FFCC00783F60 = {
						CreatedOnToolsVersion = 13.1;
						TestTargetID = 25544A2C2742FFCC00783F60;
					};
				};
			};
			buildConfigurationList = 25544A1E2742FFC600783F60 /* Build configuration list for PBXProject "NinjaPortfolio" */;
			compatibilityVersion = "Xcode 13.0";
			developmentRegion = en;
			hasScannedForEncodings = 0;
			knownRegions = (
				en,
				Base,
			);
			mainGroup = 25544A1A2742FFC600783F60;
			productRefGroup = 25544A282742FFCC00783F60 /* Products */;
			projectDirPath = "";
			projectRoot = "";
			targets = (
				25544A262742FFCC00783F60 /* NinjaPortfolio (iOS) */,
				25544A2C2742FFCC00783F60 /* NinjaPortfolio (macOS) */,
				25544A332742FFCC00783F60 /* Tests iOS */,
				25544A3F2742FFCC00783F60 /* Tests macOS */,
			);
		};
/* End PBXProject section */

/* Begin PBXResourcesBuildPhase section */
		25544A252742FFCC00783F60 /* Resources */ = {
			isa = PBXResourcesBuildPhase;
			buildActionMask = 2147483647;
			files = (
				25544A4C2742FFCC00783F60 /* Assets.xcassets in Resources */,
			);
			runOnlyForDeploymentPostprocessing = 0;
		};
		25544A2B2742FFCC00783F60 /* Resources */ = {
			isa = PBXResourcesBuildPhase;
			buildActionMask = 2147483647;
			files = (
				25544A4D2742FFCC00783F60 /* Assets.xcassets in Resources */,
			);
			runOnlyForDeploymentPostprocessing = 0;
		};
		25544A322742FFCC00783F60 /* Resources */ = {
			isa = PBXResourcesBuildPhase;
			buildActionMask = 2147483647;
			files = (
			);
			runOnlyForDeploymentPostprocessing = 0;
		};
		25544A3E2742FFCC00783F60 /* Resources */ = {
			isa = PBXResourcesBuildPhase;
			buildActionMask = 2147483647;
			files = (
			);
			runOnlyForDeploymentPostprocessing = 0;
		};
/* End PBXResourcesBuildPhase section */

/* Begin PBXSourcesBuildPhase section */
		25544A232742FFCC00783F60 /* Sources */ = {
			isa = PBXSourcesBuildPhase;
			buildActionMask = 2147483647;
			files = (
				25544A4A2742FFCC00783F60 /* ContentView.swift in Sources */,
				25544A482742FFCC00783F60 /* NinjaPortfolioApp.swift in Sources */,
			);
			runOnlyForDeploymentPostprocessing = 0;
		};
		25544A292742FFCC00783F60 /* Sources */ = {
			isa = PBXSourcesBuildPhase;
			buildActionMask = 2147483647;
			files = (
				25544A4B2742FFCC00783F60 /* ContentView.swift in Sources */,
				25544A492742FFCC00783F60 /* NinjaPortfolioApp.swift in Sources */,
			);
			runOnlyForDeploymentPostprocessing = 0;
		};
		25544A302742FFCC00783F60 /* Sources */ = {
			isa = PBXSourcesBuildPhase;
			buildActionMask = 2147483647;
			files = (
				25544A3B2742FFCC00783F60 /* Tests_iOSLaunchTests.swift in Sources */,
				25544A392742FFCC00783F60 /* Tests_iOS.swift in Sources */,
			);
			runOnlyForDeploymentPostprocessing = 0;
		};
		25544A3C2742FFCC00783F60 /* Sources */ = {
			isa = PBXSourcesBuildPhase;
			buildActionMask = 2147483647;
			files = (
				25544A472742FFCC00783F60 /* Tests_macOSLaunchTests.swift in Sources */,
				25544A452742FFCC00783F60 /* Tests_macOS.swift in Sources */,
			);
			runOnlyForDeploymentPostprocessing = 0;
		};
/* End PBXSourcesBuildPhase section */

/* Begin PBXTargetDependency section */
		25544A362742FFCC00783F60 /* PBXTargetDependency */ = {
			isa = PBXTargetDependency;
			target = 25544A262742FFCC00783F60 /* NinjaPortfolio (iOS) */;
			targetProxy = 25544A352742FFCC00783F60 /* PBXContainerItemProxy */;
		};
		25544A422742FFCC00783F60 /* PBXTargetDependency */ = {
			isa = PBXTargetDependency;
			target = 25544A2C2742FFCC00783F60 /* NinjaPortfolio (macOS) */;
			targetProxy = 25544A412742FFCC00783F60 /* PBXContainerItemProxy */;
		};
/* End PBXTargetDependency section */

/* Begin XCBuildConfiguration section */
		25544A4E2742FFCC00783F60 /* Debug */ = {
			isa = XCBuildConfiguration;
			buildSettings = {
				ALWAYS_SEARCH_USER_PATHS = NO;
				CLANG_ANALYZER_NONNULL = YES;
				CLANG_ANALYZER_NUMBER_OBJECT_CONVERSION = YES_AGGRESSIVE;
				CLANG_CXX_LANGUAGE_STANDARD = "gnu++17";
				CLANG_CXX_LIBRARY = "libc++";
				CLANG_ENABLE_MODULES = YES;
				CLANG_ENABLE_OBJC_ARC = YES;
				CLANG_ENABLE_OBJC_WEAK = YES;
				CLANG_WARN_BLOCK_CAPTURE_AUTORELEASING = YES;
				CLANG_WARN_BOOL_CONVERSION = YES;
				CLANG_WARN_COMMA = YES;
				CLANG_WARN_CONSTANT_CONVERSION = YES;
				CLANG_WARN_DEPRECATED_OBJC_IMPLEMENTATIONS = YES;
				CLANG_WARN_DIRECT_OBJC_ISA_USAGE = YES_ERROR;
				CLANG_WARN_DOCUMENTATION_COMMENTS = YES;
				CLANG_WARN_EMPTY_BODY = YES;
				CLANG_WARN_ENUM_CONVERSION = YES;
				CLANG_WARN_INFINITE_RECURSION = YES;
				CLANG_WARN_INT_CONVERSION = YES;
				CLANG_WARN_NON_LITERAL_NULL_CONVERSION = YES;
				CLANG_WARN_OBJC_IMPLICIT_RETAIN_SELF = YES;
				CLANG_WARN_OBJC_LITERAL_CONVERSION = YES;
				CLANG_WARN_OBJC_ROOT_CLASS = YES_ERROR;
				CLANG_WARN_QUOTED_INCLUDE_IN_FRAMEWORK_HEADER = YES;
				CLANG_WARN_RANGE_LOOP_ANALYSIS = YES;
				CLANG_WARN_STRICT_PROTOTYPES = YES;
				CLANG_WARN_SUSPICIOUS_MOVE = YES;
				CLANG_WARN_UNGUARDED_AVAILABILITY = YES_AGGRESSIVE;
				CLANG_WARN_UNREACHABLE_CODE = YES;
				CLANG_WARN__DUPLICATE_METHOD_MATCH = YES;
				COPY_PHASE_STRIP = NO;
				DEBUG_INFORMATION_FORMAT = dwarf;
				ENABLE_STRICT_OBJC_MSGSEND = YES;
				ENABLE_TESTABILITY = YES;
				GCC_C_LANGUAGE_STANDARD = gnu11;
				GCC_DYNAMIC_NO_PIC = NO;
				GCC_NO_COMMON_BLOCKS = YES;
				GCC_OPTIMIZATION_LEVEL = 0;
				GCC_PREPROCESSOR_DEFINITIONS = (
					"DEBUG=1",
					"$(inherited)",
				);
				GCC_WARN_64_TO_32_BIT_CONVERSION = YES;
				GCC_WARN_ABOUT_RETURN_TYPE = YES_ERROR;
				GCC_WARN_UNDECLARED_SELECTOR = YES;
				GCC_WARN_UNINITIALIZED_AUTOS = YES_AGGRESSIVE;
				GCC_WARN_UNUSED_FUNCTION = YES;
				GCC_WARN_UNUSED_VARIABLE = YES;
				MTL_ENABLE_DEBUG_INFO = INCLUDE_SOURCE;
				MTL_FAST_MATH = YES;
				ONLY_ACTIVE_ARCH = YES;
				SWIFT_ACTIVE_COMPILATION_CONDITIONS = DEBUG;
				SWIFT_OPTIMIZATION_LEVEL = "-Onone";
			};
			name = Debug;
		};
		25544A4F2742FFCC00783F60 /* Release */ = {
			isa = XCBuildConfiguration;
			buildSettings = {
				ALWAYS_SEARCH_USER_PATHS = NO;
				CLANG_ANALYZER_NONNULL = YES;
				CLANG_ANALYZER_NUMBER_OBJECT_CONVERSION = YES_AGGRESSIVE;
				CLANG_CXX_LANGUAGE_STANDARD = "gnu++17";
				CLANG_CXX_LIBRARY = "libc++";
				CLANG_ENABLE_MODULES = YES;
				CLANG_ENABLE_OBJC_ARC = YES;
				CLANG_ENABLE_OBJC_WEAK = YES;
				CLANG_WARN_BLOCK_CAPTURE_AUTORELEASING = YES;
				CLANG_WARN_BOOL_CONVERSION = YES;
				CLANG_WARN_COMMA = YES;
				CLANG_WARN_CONSTANT_CONVERSION = YES;
				CLANG_WARN_DEPRECATED_OBJC_IMPLEMENTATIONS = YES;
				CLANG_WARN_DIRECT_OBJC_ISA_USAGE = YES_ERROR;
				CLANG_WARN_DOCUMENTATION_COMMENTS = YES;
				CLANG_WARN_EMPTY_BODY = YES;
				CLANG_WARN_ENUM_CONVERSION = YES;
				CLANG_WARN_INFINITE_RECURSION = YES;
				CLANG_WARN_INT_CONVERSION = YES;
				CLANG_WARN_NON_LITERAL_NULL_CONVERSION = YES;
				CLANG_WARN_OBJC_IMPLICIT_RETAIN_SELF = YES;
				CLANG_WARN_OBJC_LITERAL_CONVERSION = YES;
				CLANG_WARN_OBJC_ROOT_CLASS = YES_ERROR;
				CLANG_WARN_QUOTED_INCLUDE_IN_FRAMEWORK_HEADER = YES;
				CLANG_WARN_RANGE_LOOP_ANALYSIS = YES;
				CLANG_WARN_STRICT_PROTOTYPES = YES;
				CLANG_WARN_SUSPICIOUS_MOVE = YES;
				CLANG_WARN_UNGUARDED_AVAILABILITY = YES_AGGRESSIVE;
				CLANG_WARN_UNREACHABLE_CODE = YES;
				CLANG_WARN__DUPLICATE_METHOD_MATCH = YES;
				COPY_PHASE_STRIP = NO;
				DEBUG_INFORMATION_FORMAT = "dwarf-with-dsym";
				ENABLE_NS_ASSERTIONS = NO;
				ENABLE_STRICT_OBJC_MSGSEND = YES;
				GCC_C_LANGUAGE_STANDARD = gnu11;
				GCC_NO_COMMON_BLOCKS = YES;
				GCC_WARN_64_TO_32_BIT_CONVERSION = YES;
				GCC_WARN_ABOUT_RETURN_TYPE = YES_ERROR;
				GCC_WARN_UNDECLARED_SELECTOR = YES;
				GCC_WARN_UNINITIALIZED_AUTOS = YES_AGGRESSIVE;
				GCC_WARN_UNUSED_FUNCTION = YES;
				GCC_WARN_UNUSED_VARIABLE = YES;
				MTL_ENABLE_DEBUG_INFO = NO;
				MTL_FAST_MATH = YES;
				SWIFT_COMPILATION_MODE = wholemodule;
				SWIFT_OPTIMIZATION_LEVEL = "-O";
			};
			name = Release;
		};
		25544A512742FFCC00783F60 /* Debug */ = {
			isa = XCBuildConfiguration;
			buildSettings = {
				ASSETCATALOG_COMPILER_APPICON_NAME = AppIcon;
				ASSETCATALOG_COMPILER_GLOBAL_ACCENT_COLOR_NAME = AccentColor;
				CODE_SIGN_STYLE = Automatic;
				CURRENT_PROJECT_VERSION = 1;
				DEVELOPMENT_TEAM = 7R5SGC6JP6;
				ENABLE_PREVIEWS = YES;
				GENERATE_INFOPLIST_FILE = YES;
				INFOPLIST_KEY_UIApplicationSceneManifest_Generation = YES;
				INFOPLIST_KEY_UIApplicationSupportsIndirectInputEvents = YES;
				INFOPLIST_KEY_UILaunchScreen_Generation = YES;
				INFOPLIST_KEY_UISupportedInterfaceOrientations_iPad = "UIInterfaceOrientationPortrait UIInterfaceOrientationPortraitUpsideDown UIInterfaceOrientationLandscapeLeft UIInterfaceOrientationLandscapeRight";
				INFOPLIST_KEY_UISupportedInterfaceOrientations_iPhone = "UIInterfaceOrientationPortrait UIInterfaceOrientationLandscapeLeft UIInterfaceOrientationLandscapeRight";
				IPHONEOS_DEPLOYMENT_TARGET = 15.0;
				LD_RUNPATH_SEARCH_PATHS = (
					"$(inherited)",
					"@executable_path/Frameworks",
				);
				MARKETING_VERSION = 1.0;
				PRODUCT_BUNDLE_IDENTIFIER = com.mooncorp.NinjaPortfolio;
				PRODUCT_NAME = NinjaPortfolio;
				SDKROOT = iphoneos;
				SWIFT_EMIT_LOC_STRINGS = YES;
				SWIFT_VERSION = 5.0;
				TARGETED_DEVICE_FAMILY = "1,2";
			};
			name = Debug;
		};
		25544A522742FFCC00783F60 /* Release */ = {
			isa = XCBuildConfiguration;
			buildSettings = {
				ASSETCATALOG_COMPILER_APPICON_NAME = AppIcon;
				ASSETCATALOG_COMPILER_GLOBAL_ACCENT_COLOR_NAME = AccentColor;
				CODE_SIGN_STYLE = Automatic;
				CURRENT_PROJECT_VERSION = 1;
				DEVELOPMENT_TEAM = 7R5SGC6JP6;
				ENABLE_PREVIEWS = YES;
				GENERATE_INFOPLIST_FILE = YES;
				INFOPLIST_KEY_UIApplicationSceneManifest_Generation = YES;
				INFOPLIST_KEY_UIApplicationSupportsIndirectInputEvents = YES;
				INFOPLIST_KEY_UILaunchScreen_Generation = YES;
				INFOPLIST_KEY_UISupportedInterfaceOrientations_iPad = "UIInterfaceOrientationPortrait UIInterfaceOrientationPortraitUpsideDown UIInterfaceOrientationLandscapeLeft UIInterfaceOrientationLandscapeRight";
				INFOPLIST_KEY_UISupportedInterfaceOrientations_iPhone = "UIInterfaceOrientationPortrait UIInterfaceOrientationLandscapeLeft UIInterfaceOrientationLandscapeRight";
				IPHONEOS_DEPLOYMENT_TARGET = 15.0;
				LD_RUNPATH_SEARCH_PATHS = (
					"$(inherited)",
					"@executable_path/Frameworks",
				);
				MARKETING_VERSION = 1.0;
				PRODUCT_BUNDLE_IDENTIFIER = com.mooncorp.NinjaPortfolio;
				PRODUCT_NAME = NinjaPortfolio;
				SDKROOT = iphoneos;
				SWIFT_EMIT_LOC_STRINGS = YES;
				SWIFT_VERSION = 5.0;
				TARGETED_DEVICE_FAMILY = "1,2";
				VALIDATE_PRODUCT = YES;
			};
			name = Release;
		};
		25544A542742FFCC00783F60 /* Debug */ = {
			isa = XCBuildConfiguration;
			buildSettings = {
				ASSETCATALOG_COMPILER_APPICON_NAME = AppIcon;
				ASSETCATALOG_COMPILER_GLOBAL_ACCENT_COLOR_NAME = AccentColor;
				CODE_SIGN_ENTITLEMENTS = macOS/macOS.entitlements;
				CODE_SIGN_STYLE = Automatic;
				COMBINE_HIDPI_IMAGES = YES;
				CURRENT_PROJECT_VERSION = 1;
				DEVELOPMENT_TEAM = 7R5SGC6JP6;
				ENABLE_HARDENED_RUNTIME = YES;
				ENABLE_PREVIEWS = YES;
				GENERATE_INFOPLIST_FILE = YES;
				INFOPLIST_KEY_NSHumanReadableCopyright = "";
				LD_RUNPATH_SEARCH_PATHS = (
					"$(inherited)",
					"@executable_path/../Frameworks",
				);
				MACOSX_DEPLOYMENT_TARGET = 12.0;
				MARKETING_VERSION = 1.0;
				PRODUCT_BUNDLE_IDENTIFIER = com.mooncorp.NinjaPortfolio;
				PRODUCT_NAME = NinjaPortfolio;
				SDKROOT = macosx;
				SWIFT_EMIT_LOC_STRINGS = YES;
				SWIFT_VERSION = 5.0;
			};
			name = Debug;
		};
		25544A552742FFCC00783F60 /* Release */ = {
			isa = XCBuildConfiguration;
			buildSettings = {
				ASSETCATALOG_COMPILER_APPICON_NAME = AppIcon;
				ASSETCATALOG_COMPILER_GLOBAL_ACCENT_COLOR_NAME = AccentColor;
				CODE_SIGN_ENTITLEMENTS = macOS/macOS.entitlements;
				CODE_SIGN_STYLE = Automatic;
				COMBINE_HIDPI_IMAGES = YES;
				CURRENT_PROJECT_VERSION = 1;
				DEVELOPMENT_TEAM = 7R5SGC6JP6;
				ENABLE_HARDENED_RUNTIME = YES;
				ENABLE_PREVIEWS = YES;
				GENERATE_INFOPLIST_FILE = YES;
				INFOPLIST_KEY_NSHumanReadableCopyright = "";
				LD_RUNPATH_SEARCH_PATHS = (
					"$(inherited)",
					"@executable_path/../Frameworks",
				);
				MACOSX_DEPLOYMENT_TARGET = 12.0;
				MARKETING_VERSION = 1.0;
				PRODUCT_BUNDLE_IDENTIFIER = com.mooncorp.NinjaPortfolio;
				PRODUCT_NAME = NinjaPortfolio;
				SDKROOT = macosx;
				SWIFT_EMIT_LOC_STRINGS = YES;
				SWIFT_VERSION = 5.0;
			};
			name = Release;
		};
		25544A572742FFCC00783F60 /* Debug */ = {
			isa = XCBuildConfiguration;
			buildSettings = {
				ALWAYS_EMBED_SWIFT_STANDARD_LIBRARIES = YES;
				CODE_SIGN_STYLE = Automatic;
				CURRENT_PROJECT_VERSION = 1;
				DEVELOPMENT_TEAM = 7R5SGC6JP6;
				GENERATE_INFOPLIST_FILE = YES;
				IPHONEOS_DEPLOYMENT_TARGET = 15.0;
				LD_RUNPATH_SEARCH_PATHS = (
					"$(inherited)",
					"@executable_path/Frameworks",
					"@loader_path/Frameworks",
				);
				MARKETING_VERSION = 1.0;
				PRODUCT_BUNDLE_IDENTIFIER = "com.mooncorp.Tests-iOS";
				PRODUCT_NAME = "$(TARGET_NAME)";
				SDKROOT = iphoneos;
				SWIFT_EMIT_LOC_STRINGS = NO;
				SWIFT_VERSION = 5.0;
				TARGETED_DEVICE_FAMILY = "1,2";
				TEST_TARGET_NAME = "NinjaPortfolio (iOS)";
			};
			name = Debug;
		};
		25544A582742FFCC00783F60 /* Release */ = {
			isa = XCBuildConfiguration;
			buildSettings = {
				ALWAYS_EMBED_SWIFT_STANDARD_LIBRARIES = YES;
				CODE_SIGN_STYLE = Automatic;
				CURRENT_PROJECT_VERSION = 1;
				DEVELOPMENT_TEAM = 7R5SGC6JP6;
				GENERATE_INFOPLIST_FILE = YES;
				IPHONEOS_DEPLOYMENT_TARGET = 15.0;
				LD_RUNPATH_SEARCH_PATHS = (
					"$(inherited)",
					"@executable_path/Frameworks",
					"@loader_path/Frameworks",
				);
				MARKETING_VERSION = 1.0;
				PRODUCT_BUNDLE_IDENTIFIER = "com.mooncorp.Tests-iOS";
				PRODUCT_NAME = "$(TARGET_NAME)";
				SDKROOT = iphoneos;
				SWIFT_EMIT_LOC_STRINGS = NO;
				SWIFT_VERSION = 5.0;
				TARGETED_DEVICE_FAMILY = "1,2";
				TEST_TARGET_NAME = "NinjaPortfolio (iOS)";
				VALIDATE_PRODUCT = YES;
			};
			name = Release;
		};
		25544A5A2742FFCC00783F60 /* Debug */ = {
			isa = XCBuildConfiguration;
			buildSettings = {
				ALWAYS_EMBED_SWIFT_STANDARD_LIBRARIES = YES;
				CODE_SIGN_STYLE = Automatic;
				COMBINE_HIDPI_IMAGES = YES;
				CURRENT_PROJECT_VERSION = 1;
				DEVELOPMENT_TEAM = 7R5SGC6JP6;
				GENERATE_INFOPLIST_FILE = YES;
				LD_RUNPATH_SEARCH_PATHS = (
					"$(inherited)",
					"@executable_path/../Frameworks",
					"@loader_path/../Frameworks",
				);
				MACOSX_DEPLOYMENT_TARGET = 12.0;
				MARKETING_VERSION = 1.0;
				PRODUCT_BUNDLE_IDENTIFIER = "com.mooncorp.Tests-macOS";
				PRODUCT_NAME = "$(TARGET_NAME)";
				SDKROOT = macosx;
				SWIFT_EMIT_LOC_STRINGS = NO;
				SWIFT_VERSION = 5.0;
				TEST_TARGET_NAME = "NinjaPortfolio (macOS)";
			};
			name = Debug;
		};
		25544A5B2742FFCC00783F60 /* Release */ = {
			isa = XCBuildConfiguration;
			buildSettings = {
				ALWAYS_EMBED_SWIFT_STANDARD_LIBRARIES = YES;
				CODE_SIGN_STYLE = Automatic;
				COMBINE_HIDPI_IMAGES = YES;
				CURRENT_PROJECT_VERSION = 1;
				DEVELOPMENT_TEAM = 7R5SGC6JP6;
				GENERATE_INFOPLIST_FILE = YES;
				LD_RUNPATH_SEARCH_PATHS = (
					"$(inherited)",
					"@executable_path/../Frameworks",
					"@loader_path/../Frameworks",
				);
				MACOSX_DEPLOYMENT_TARGET = 12.0;
				MARKETING_VERSION = 1.0;
				PRODUCT_BUNDLE_IDENTIFIER = "com.mooncorp.Tests-macOS";
				PRODUCT_NAME = "$(TARGET_NAME)";
				SDKROOT = macosx;
				SWIFT_EMIT_LOC_STRINGS = NO;
				SWIFT_VERSION = 5.0;
				TEST_TARGET_NAME = "NinjaPortfolio (macOS)";
			};
			name = Release;
		};
/* End XCBuildConfiguration section */

/* Begin XCConfigurationList section */
		25544A1E2742FFC600783F60 /* Build configuration list for PBXProject "NinjaPortfolio" */ = {
			isa = XCConfigurationList;
			buildConfigurations = (
				25544A4E2742FFCC00783F60 /* Debug */,
				25544A4F2742FFCC00783F60 /* Release */,
			);
			defaultConfigurationIsVisible = 0;
			defaultConfigurationName = Release;
		};
		25544A502742FFCC00783F60 /* Build configuration list for PBXNativeTarget "NinjaPortfolio (iOS)" */ = {
			isa = XCConfigurationList;
			buildConfigurations = (
				25544A512742FFCC00783F60 /* Debug */,
				25544A522742FFCC00783F60 /* Release */,
			);
			defaultConfigurationIsVisible = 0;
			defaultConfigurationName = Release;
		};
		25544A532742FFCC00783F60 /* Build configuration list for PBXNativeTarget "NinjaPortfolio (macOS)" */ = {
			isa = XCConfigurationList;
			buildConfigurations = (
				25544A542742FFCC00783F60 /* Debug */,
				25544A552742FFCC00783F60 /* Release */,
			);
			defaultConfigurationIsVisible = 0;
			defaultConfigurationName = Release;
		};
		25544A562742FFCC00783F60 /* Build configuration list for PBXNativeTarget "Tests iOS" */ = {
			isa = XCConfigurationList;
			buildConfigurations = (
				25544A572742FFCC00783F60 /* Debug */,
				25544A582742FFCC00783F60 /* Release */,
			);
			defaultConfigurationIsVisible = 0;
			defaultConfigurationName = Release;
		};
		25544A592742FFCC00783F60 /* Build configuration list for PBXNativeTarget "Tests macOS" */ = {
			isa = XCConfigurationList;
			buildConfigurations = (
				25544A5A2742FFCC00783F60 /* Debug */,
				25544A5B2742FFCC00783F60 /* Release */,
			);
			defaultConfigurationIsVisible = 0;
			defaultConfigurationName = Release;
		};
/* End XCConfigurationList section */

/* Begin XCSwiftPackageProductDependency section */
		25544A60274307F200783F60 /* NinjaKit */ = {
			isa = XCSwiftPackageProductDependency;
			productName = NinjaKit;
		};
		25544A622743080300783F60 /* NinjaKit */ = {
			isa = XCSwiftPackageProductDependency;
			productName = NinjaKit;
		};
/* End XCSwiftPackageProductDependency section */
	};
	rootObject = 25544A1B2742FFC600783F60 /* Project object */;
}
