// !$*UTF8*$!
{
	archiveVersion = 1;
	classes = {
	};
	objectVersion = 55;
	objects = {

/* Begin PBXBuildFile section */
		252F89C927448A5B00927381 /* ConfirmationView+Strings.swift in Sources */ = {isa = PBXBuildFile; fileRef = 252F89C827448A5B00927381 /* ConfirmationView+Strings.swift */; };
		253D54A72744364000FE3E66 /* NinjaUIApp.swift in Sources */ = {isa = PBXBuildFile; fileRef = 253D54A62744364000FE3E66 /* NinjaUIApp.swift */; };
		253D54A92744364000FE3E66 /* ContentView.swift in Sources */ = {isa = PBXBuildFile; fileRef = 253D54A82744364000FE3E66 /* ContentView.swift */; };
		253D54AB2744364100FE3E66 /* Assets.xcassets in Resources */ = {isa = PBXBuildFile; fileRef = 253D54AA2744364100FE3E66 /* Assets.xcassets */; };
		253D54AE2744364100FE3E66 /* Preview Assets.xcassets in Resources */ = {isa = PBXBuildFile; fileRef = 253D54AD2744364100FE3E66 /* Preview Assets.xcassets */; };
		253D54B82744367B00FE3E66 /* NinjaKit in Frameworks */ = {isa = PBXBuildFile; productRef = 253D54B72744367B00FE3E66 /* NinjaKit */; };
		253D54BA274436B300FE3E66 /* SignUpView.swift in Sources */ = {isa = PBXBuildFile; fileRef = 253D54B9274436B300FE3E66 /* SignUpView.swift */; };
		253D54BC274436C300FE3E66 /* ConfirmationView.swift in Sources */ = {isa = PBXBuildFile; fileRef = 253D54BB274436C300FE3E66 /* ConfirmationView.swift */; };
		253D54BF2744398700FE3E66 /* Localizable.strings in Resources */ = {isa = PBXBuildFile; fileRef = 253D54BE2744398700FE3E66 /* Localizable.strings */; };
		25790CCD2744472400B6C29D /* SignUpFormView.swift in Sources */ = {isa = PBXBuildFile; fileRef = 25790CCC2744472400B6C29D /* SignUpFormView.swift */; };
		25790CCF27444C7200B6C29D /* SmoothGrayRoundedTextFieldStyle.swift in Sources */ = {isa = PBXBuildFile; fileRef = 25790CCE27444C7200B6C29D /* SmoothGrayRoundedTextFieldStyle.swift */; };
		25790CD427446FA900B6C29D /* Color+Extension.swift in Sources */ = {isa = PBXBuildFile; fileRef = 25790CD327446FA900B6C29D /* Color+Extension.swift */; };
		25790CD7274470EC00B6C29D /* SignUpView+Strings.swift in Sources */ = {isa = PBXBuildFile; fileRef = 25790CD6274470EC00B6C29D /* SignUpView+Strings.swift */; };
		25790CD92744712000B6C29D /* SignUpViewModel+Extension.swift in Sources */ = {isa = PBXBuildFile; fileRef = 25790CD82744712000B6C29D /* SignUpViewModel+Extension.swift */; };
		25C38E942744A21500BF9DDB /* SignUpFormView+Strings.swift in Sources */ = {isa = PBXBuildFile; fileRef = 25C38E932744A21500BF9DDB /* SignUpFormView+Strings.swift */; };
		25C38E962744B11B00BF9DDB /* Localization.swift in Sources */ = {isa = PBXBuildFile; fileRef = 25C38E952744B11B00BF9DDB /* Localization.swift */; };
/* End PBXBuildFile section */

/* Begin PBXFileReference section */
		252F89C827448A5B00927381 /* ConfirmationView+Strings.swift */ = {isa = PBXFileReference; lastKnownFileType = sourcecode.swift; path = "ConfirmationView+Strings.swift"; sourceTree = "<group>"; };
		253D54A32744364000FE3E66 /* NinjaUI.app */ = {isa = PBXFileReference; explicitFileType = wrapper.application; includeInIndex = 0; path = NinjaUI.app; sourceTree = BUILT_PRODUCTS_DIR; };
		253D54A62744364000FE3E66 /* NinjaUIApp.swift */ = {isa = PBXFileReference; lastKnownFileType = sourcecode.swift; path = NinjaUIApp.swift; sourceTree = "<group>"; };
		253D54A82744364000FE3E66 /* ContentView.swift */ = {isa = PBXFileReference; lastKnownFileType = sourcecode.swift; path = ContentView.swift; sourceTree = "<group>"; };
		253D54AA2744364100FE3E66 /* Assets.xcassets */ = {isa = PBXFileReference; lastKnownFileType = folder.assetcatalog; path = Assets.xcassets; sourceTree = "<group>"; };
		253D54AD2744364100FE3E66 /* Preview Assets.xcassets */ = {isa = PBXFileReference; lastKnownFileType = folder.assetcatalog; path = "Preview Assets.xcassets"; sourceTree = "<group>"; };
		253D54B52744367300FE3E66 /* NinjaKit */ = {isa = PBXFileReference; lastKnownFileType = folder; name = NinjaKit; path = ../NinjaKit; sourceTree = "<group>"; };
		253D54B9274436B300FE3E66 /* SignUpView.swift */ = {isa = PBXFileReference; lastKnownFileType = sourcecode.swift; path = SignUpView.swift; sourceTree = "<group>"; };
		253D54BB274436C300FE3E66 /* ConfirmationView.swift */ = {isa = PBXFileReference; lastKnownFileType = sourcecode.swift; path = ConfirmationView.swift; sourceTree = "<group>"; };
		253D54BE2744398700FE3E66 /* Localizable.strings */ = {isa = PBXFileReference; lastKnownFileType = text.plist.strings; path = Localizable.strings; sourceTree = "<group>"; };
		25790CCC2744472400B6C29D /* SignUpFormView.swift */ = {isa = PBXFileReference; lastKnownFileType = sourcecode.swift; path = SignUpFormView.swift; sourceTree = "<group>"; };
		25790CCE27444C7200B6C29D /* SmoothGrayRoundedTextFieldStyle.swift */ = {isa = PBXFileReference; lastKnownFileType = sourcecode.swift; path = SmoothGrayRoundedTextFieldStyle.swift; sourceTree = "<group>"; };
		25790CD327446FA900B6C29D /* Color+Extension.swift */ = {isa = PBXFileReference; lastKnownFileType = sourcecode.swift; path = "Color+Extension.swift"; sourceTree = "<group>"; };
		25790CD6274470EC00B6C29D /* SignUpView+Strings.swift */ = {isa = PBXFileReference; lastKnownFileType = sourcecode.swift; path = "SignUpView+Strings.swift"; sourceTree = "<group>"; };
		25790CD82744712000B6C29D /* SignUpViewModel+Extension.swift */ = {isa = PBXFileReference; lastKnownFileType = sourcecode.swift; path = "SignUpViewModel+Extension.swift"; sourceTree = "<group>"; };
		25C38E932744A21500BF9DDB /* SignUpFormView+Strings.swift */ = {isa = PBXFileReference; lastKnownFileType = sourcecode.swift; path = "SignUpFormView+Strings.swift"; sourceTree = "<group>"; };
		25C38E952744B11B00BF9DDB /* Localization.swift */ = {isa = PBXFileReference; lastKnownFileType = sourcecode.swift; path = Localization.swift; sourceTree = "<group>"; };
/* End PBXFileReference section */

/* Begin PBXFrameworksBuildPhase section */
		253D54A02744364000FE3E66 /* Frameworks */ = {
			isa = PBXFrameworksBuildPhase;
			buildActionMask = 2147483647;
			files = (
				253D54B82744367B00FE3E66 /* NinjaKit in Frameworks */,
			);
			runOnlyForDeploymentPostprocessing = 0;
		};
/* End PBXFrameworksBuildPhase section */

/* Begin PBXGroup section */
		253D549A2744364000FE3E66 = {
			isa = PBXGroup;
			children = (
				253D54B42744367300FE3E66 /* Packages */,
				253D54A52744364000FE3E66 /* NinjaUI */,
				253D54A42744364000FE3E66 /* Products */,
				253D54B62744367B00FE3E66 /* Frameworks */,
			);
			sourceTree = "<group>";
		};
		253D54A42744364000FE3E66 /* Products */ = {
			isa = PBXGroup;
			children = (
				253D54A32744364000FE3E66 /* NinjaUI.app */,
			);
			name = Products;
			sourceTree = "<group>";
		};
		253D54A52744364000FE3E66 /* NinjaUI */ = {
			isa = PBXGroup;
			children = (
				253D54A62744364000FE3E66 /* NinjaUIApp.swift */,
				2591EA5D2744BAC000AB8575 /* UI */,
				2591EA5E2744BACC00AB8575 /* Resources */,
			);
			path = NinjaUI;
			sourceTree = "<group>";
		};
		253D54AC2744364100FE3E66 /* Preview Content */ = {
			isa = PBXGroup;
			children = (
				253D54AD2744364100FE3E66 /* Preview Assets.xcassets */,
			);
			path = "Preview Content";
			sourceTree = "<group>";
		};
		253D54B42744367300FE3E66 /* Packages */ = {
			isa = PBXGroup;
			children = (
				253D54B52744367300FE3E66 /* NinjaKit */,
			);
			name = Packages;
			sourceTree = "<group>";
		};
		253D54B62744367B00FE3E66 /* Frameworks */ = {
			isa = PBXGroup;
			children = (
			);
			name = Frameworks;
			sourceTree = "<group>";
		};
		253D54BD274436C900FE3E66 /* SignUp */ = {
			isa = PBXGroup;
			children = (
				25790CD127446F6800B6C29D /* Views */,
				25790CDA2744712500B6C29D /* Extensions */,
			);
			path = SignUp;
			sourceTree = "<group>";
		};
		25790CD027446F4300B6C29D /* Shared */ = {
			isa = PBXGroup;
			children = (
				25790CCE27444C7200B6C29D /* SmoothGrayRoundedTextFieldStyle.swift */,
				25C38E952744B11B00BF9DDB /* Localization.swift */,
				25790CD5274470CD00B6C29D /* Extensions */,
			);
			path = Shared;
			sourceTree = "<group>";
		};
		25790CD127446F6800B6C29D /* Views */ = {
			isa = PBXGroup;
			children = (
				253D54BB274436C300FE3E66 /* ConfirmationView.swift */,
				252F89C827448A5B00927381 /* ConfirmationView+Strings.swift */,
				253D54B9274436B300FE3E66 /* SignUpView.swift */,
				25790CD6274470EC00B6C29D /* SignUpView+Strings.swift */,
				25790CCC2744472400B6C29D /* SignUpFormView.swift */,
				25C38E932744A21500BF9DDB /* SignUpFormView+Strings.swift */,
			);
			path = Views;
			sourceTree = "<group>";
		};
		25790CD5274470CD00B6C29D /* Extensions */ = {
			isa = PBXGroup;
			children = (
				25790CD327446FA900B6C29D /* Color+Extension.swift */,
			);
			path = Extensions;
			sourceTree = "<group>";
		};
		25790CDA2744712500B6C29D /* Extensions */ = {
			isa = PBXGroup;
			children = (
				25790CD82744712000B6C29D /* SignUpViewModel+Extension.swift */,
			);
			path = Extensions;
			sourceTree = "<group>";
		};
		2591EA5D2744BAC000AB8575 /* UI */ = {
			isa = PBXGroup;
			children = (
				253D54A82744364000FE3E66 /* ContentView.swift */,
				25790CD027446F4300B6C29D /* Shared */,
				253D54BD274436C900FE3E66 /* SignUp */,
			);
			path = UI;
			sourceTree = "<group>";
		};
		2591EA5E2744BACC00AB8575 /* Resources */ = {
			isa = PBXGroup;
			children = (
				253D54AA2744364100FE3E66 /* Assets.xcassets */,
				253D54BE2744398700FE3E66 /* Localizable.strings */,
				253D54AC2744364100FE3E66 /* Preview Content */,
			);
			path = Resources;
			sourceTree = "<group>";
		};
/* End PBXGroup section */

/* Begin PBXNativeTarget section */
		253D54A22744364000FE3E66 /* NinjaUI */ = {
			isa = PBXNativeTarget;
			buildConfigurationList = 253D54B12744364100FE3E66 /* Build configuration list for PBXNativeTarget "NinjaUI" */;
			buildPhases = (
				253D549F2744364000FE3E66 /* Sources */,
				253D54A02744364000FE3E66 /* Frameworks */,
				253D54A12744364000FE3E66 /* Resources */,
			);
			buildRules = (
			);
			dependencies = (
			);
			name = NinjaUI;
			packageProductDependencies = (
				253D54B72744367B00FE3E66 /* NinjaKit */,
			);
			productName = NinjaUI;
			productReference = 253D54A32744364000FE3E66 /* NinjaUI.app */;
			productType = "com.apple.product-type.application";
		};
/* End PBXNativeTarget section */

/* Begin PBXProject section */
		253D549B2744364000FE3E66 /* Project object */ = {
			isa = PBXProject;
			attributes = {
				BuildIndependentTargetsInParallel = 1;
				LastSwiftUpdateCheck = 1310;
				LastUpgradeCheck = 1310;
				TargetAttributes = {
					253D54A22744364000FE3E66 = {
						CreatedOnToolsVersion = 13.1;
					};
				};
			};
			buildConfigurationList = 253D549E2744364000FE3E66 /* Build configuration list for PBXProject "NinjaUI" */;
			compatibilityVersion = "Xcode 13.0";
			developmentRegion = en;
			hasScannedForEncodings = 0;
			knownRegions = (
				en,
				Base,
			);
			mainGroup = 253D549A2744364000FE3E66;
			productRefGroup = 253D54A42744364000FE3E66 /* Products */;
			projectDirPath = "";
			projectRoot = "";
			targets = (
				253D54A22744364000FE3E66 /* NinjaUI */,
			);
		};
/* End PBXProject section */

/* Begin PBXResourcesBuildPhase section */
		253D54A12744364000FE3E66 /* Resources */ = {
			isa = PBXResourcesBuildPhase;
			buildActionMask = 2147483647;
			files = (
				253D54AE2744364100FE3E66 /* Preview Assets.xcassets in Resources */,
				253D54BF2744398700FE3E66 /* Localizable.strings in Resources */,
				253D54AB2744364100FE3E66 /* Assets.xcassets in Resources */,
			);
			runOnlyForDeploymentPostprocessing = 0;
		};
/* End PBXResourcesBuildPhase section */

/* Begin PBXSourcesBuildPhase section */
		253D549F2744364000FE3E66 /* Sources */ = {
			isa = PBXSourcesBuildPhase;
			buildActionMask = 2147483647;
			files = (
				25790CCD2744472400B6C29D /* SignUpFormView.swift in Sources */,
				25790CD7274470EC00B6C29D /* SignUpView+Strings.swift in Sources */,
				25C38E962744B11B00BF9DDB /* Localization.swift in Sources */,
				25790CD427446FA900B6C29D /* Color+Extension.swift in Sources */,
				253D54A92744364000FE3E66 /* ContentView.swift in Sources */,
				253D54BC274436C300FE3E66 /* ConfirmationView.swift in Sources */,
				25790CD92744712000B6C29D /* SignUpViewModel+Extension.swift in Sources */,
				252F89C927448A5B00927381 /* ConfirmationView+Strings.swift in Sources */,
				25C38E942744A21500BF9DDB /* SignUpFormView+Strings.swift in Sources */,
				253D54BA274436B300FE3E66 /* SignUpView.swift in Sources */,
				25790CCF27444C7200B6C29D /* SmoothGrayRoundedTextFieldStyle.swift in Sources */,
				253D54A72744364000FE3E66 /* NinjaUIApp.swift in Sources */,
			);
			runOnlyForDeploymentPostprocessing = 0;
		};
/* End PBXSourcesBuildPhase section */

/* Begin XCBuildConfiguration section */
		253D54AF2744364100FE3E66 /* Debug */ = {
			isa = XCBuildConfiguration;
			buildSettings = {
				ALWAYS_SEARCH_USER_PATHS = NO;
				CLANG_ANALYZER_NONNULL = YES;
				CLANG_ANALYZER_NUMBER_OBJECT_CONVERSION = YES_AGGRESSIVE;
				CLANG_CXX_LANGUAGE_STANDARD = "gnu++17";
				CLANG_CXX_LIBRARY = "libc++";
				CLANG_ENABLE_MODULES = YES;
				CLANG_ENABLE_OBJC_ARC = YES;
				CLANG_ENABLE_OBJC_WEAK = YES;
				CLANG_WARN_BLOCK_CAPTURE_AUTORELEASING = YES;
				CLANG_WARN_BOOL_CONVERSION = YES;
				CLANG_WARN_COMMA = YES;
				CLANG_WARN_CONSTANT_CONVERSION = YES;
				CLANG_WARN_DEPRECATED_OBJC_IMPLEMENTATIONS = YES;
				CLANG_WARN_DIRECT_OBJC_ISA_USAGE = YES_ERROR;
				CLANG_WARN_DOCUMENTATION_COMMENTS = YES;
				CLANG_WARN_EMPTY_BODY = YES;
				CLANG_WARN_ENUM_CONVERSION = YES;
				CLANG_WARN_INFINITE_RECURSION = YES;
				CLANG_WARN_INT_CONVERSION = YES;
				CLANG_WARN_NON_LITERAL_NULL_CONVERSION = YES;
				CLANG_WARN_OBJC_IMPLICIT_RETAIN_SELF = YES;
				CLANG_WARN_OBJC_LITERAL_CONVERSION = YES;
				CLANG_WARN_OBJC_ROOT_CLASS = YES_ERROR;
				CLANG_WARN_QUOTED_INCLUDE_IN_FRAMEWORK_HEADER = YES;
				CLANG_WARN_RANGE_LOOP_ANALYSIS = YES;
				CLANG_WARN_STRICT_PROTOTYPES = YES;
				CLANG_WARN_SUSPICIOUS_MOVE = YES;
				CLANG_WARN_UNGUARDED_AVAILABILITY = YES_AGGRESSIVE;
				CLANG_WARN_UNREACHABLE_CODE = YES;
				CLANG_WARN__DUPLICATE_METHOD_MATCH = YES;
				COPY_PHASE_STRIP = NO;
				DEBUG_INFORMATION_FORMAT = dwarf;
				ENABLE_STRICT_OBJC_MSGSEND = YES;
				ENABLE_TESTABILITY = YES;
				GCC_C_LANGUAGE_STANDARD = gnu11;
				GCC_DYNAMIC_NO_PIC = NO;
				GCC_NO_COMMON_BLOCKS = YES;
				GCC_OPTIMIZATION_LEVEL = 0;
				GCC_PREPROCESSOR_DEFINITIONS = (
					"DEBUG=1",
					"$(inherited)",
				);
				GCC_WARN_64_TO_32_BIT_CONVERSION = YES;
				GCC_WARN_ABOUT_RETURN_TYPE = YES_ERROR;
				GCC_WARN_UNDECLARED_SELECTOR = YES;
				GCC_WARN_UNINITIALIZED_AUTOS = YES_AGGRESSIVE;
				GCC_WARN_UNUSED_FUNCTION = YES;
				GCC_WARN_UNUSED_VARIABLE = YES;
				IPHONEOS_DEPLOYMENT_TARGET = 15.0;
				MTL_ENABLE_DEBUG_INFO = INCLUDE_SOURCE;
				MTL_FAST_MATH = YES;
				ONLY_ACTIVE_ARCH = YES;
				SDKROOT = iphoneos;
				SWIFT_ACTIVE_COMPILATION_CONDITIONS = DEBUG;
				SWIFT_OPTIMIZATION_LEVEL = "-Onone";
			};
			name = Debug;
		};
		253D54B02744364100FE3E66 /* Release */ = {
			isa = XCBuildConfiguration;
			buildSettings = {
				ALWAYS_SEARCH_USER_PATHS = NO;
				CLANG_ANALYZER_NONNULL = YES;
				CLANG_ANALYZER_NUMBER_OBJECT_CONVERSION = YES_AGGRESSIVE;
				CLANG_CXX_LANGUAGE_STANDARD = "gnu++17";
				CLANG_CXX_LIBRARY = "libc++";
				CLANG_ENABLE_MODULES = YES;
				CLANG_ENABLE_OBJC_ARC = YES;
				CLANG_ENABLE_OBJC_WEAK = YES;
				CLANG_WARN_BLOCK_CAPTURE_AUTORELEASING = YES;
				CLANG_WARN_BOOL_CONVERSION = YES;
				CLANG_WARN_COMMA = YES;
				CLANG_WARN_CONSTANT_CONVERSION = YES;
				CLANG_WARN_DEPRECATED_OBJC_IMPLEMENTATIONS = YES;
				CLANG_WARN_DIRECT_OBJC_ISA_USAGE = YES_ERROR;
				CLANG_WARN_DOCUMENTATION_COMMENTS = YES;
				CLANG_WARN_EMPTY_BODY = YES;
				CLANG_WARN_ENUM_CONVERSION = YES;
				CLANG_WARN_INFINITE_RECURSION = YES;
				CLANG_WARN_INT_CONVERSION = YES;
				CLANG_WARN_NON_LITERAL_NULL_CONVERSION = YES;
				CLANG_WARN_OBJC_IMPLICIT_RETAIN_SELF = YES;
				CLANG_WARN_OBJC_LITERAL_CONVERSION = YES;
				CLANG_WARN_OBJC_ROOT_CLASS = YES_ERROR;
				CLANG_WARN_QUOTED_INCLUDE_IN_FRAMEWORK_HEADER = YES;
				CLANG_WARN_RANGE_LOOP_ANALYSIS = YES;
				CLANG_WARN_STRICT_PROTOTYPES = YES;
				CLANG_WARN_SUSPICIOUS_MOVE = YES;
				CLANG_WARN_UNGUARDED_AVAILABILITY = YES_AGGRESSIVE;
				CLANG_WARN_UNREACHABLE_CODE = YES;
				CLANG_WARN__DUPLICATE_METHOD_MATCH = YES;
				COPY_PHASE_STRIP = NO;
				DEBUG_INFORMATION_FORMAT = "dwarf-with-dsym";
				ENABLE_NS_ASSERTIONS = NO;
				ENABLE_STRICT_OBJC_MSGSEND = YES;
				GCC_C_LANGUAGE_STANDARD = gnu11;
				GCC_NO_COMMON_BLOCKS = YES;
				GCC_WARN_64_TO_32_BIT_CONVERSION = YES;
				GCC_WARN_ABOUT_RETURN_TYPE = YES_ERROR;
				GCC_WARN_UNDECLARED_SELECTOR = YES;
				GCC_WARN_UNINITIALIZED_AUTOS = YES_AGGRESSIVE;
				GCC_WARN_UNUSED_FUNCTION = YES;
				GCC_WARN_UNUSED_VARIABLE = YES;
				IPHONEOS_DEPLOYMENT_TARGET = 15.0;
				MTL_ENABLE_DEBUG_INFO = NO;
				MTL_FAST_MATH = YES;
				SDKROOT = iphoneos;
				SWIFT_COMPILATION_MODE = wholemodule;
				SWIFT_OPTIMIZATION_LEVEL = "-O";
				VALIDATE_PRODUCT = YES;
			};
			name = Release;
		};
		253D54B22744364100FE3E66 /* Debug */ = {
			isa = XCBuildConfiguration;
			buildSettings = {
				ASSETCATALOG_COMPILER_APPICON_NAME = AppIcon;
				ASSETCATALOG_COMPILER_GLOBAL_ACCENT_COLOR_NAME = AccentColor;
				CODE_SIGN_STYLE = Automatic;
				CURRENT_PROJECT_VERSION = 1;
				DEVELOPMENT_ASSET_PATHS = "\"NinjaUI/Resources/Preview Content\"";
				DEVELOPMENT_TEAM = 7R5SGC6JP6;
				ENABLE_PREVIEWS = YES;
				GENERATE_INFOPLIST_FILE = YES;
				INFOPLIST_KEY_UIApplicationSceneManifest_Generation = YES;
				INFOPLIST_KEY_UIApplicationSupportsIndirectInputEvents = YES;
				INFOPLIST_KEY_UILaunchScreen_Generation = YES;
				INFOPLIST_KEY_UISupportedInterfaceOrientations_iPad = "UIInterfaceOrientationPortrait UIInterfaceOrientationPortraitUpsideDown UIInterfaceOrientationLandscapeLeft UIInterfaceOrientationLandscapeRight";
				INFOPLIST_KEY_UISupportedInterfaceOrientations_iPhone = "UIInterfaceOrientationPortrait UIInterfaceOrientationLandscapeLeft UIInterfaceOrientationLandscapeRight";
				LD_RUNPATH_SEARCH_PATHS = (
					"$(inherited)",
					"@executable_path/Frameworks",
				);
				MARKETING_VERSION = 1.0;
				PRODUCT_BUNDLE_IDENTIFIER = com.mooncorp.NinjaUI;
				PRODUCT_NAME = "$(TARGET_NAME)";
				SWIFT_EMIT_LOC_STRINGS = YES;
				SWIFT_VERSION = 5.0;
				TARGETED_DEVICE_FAMILY = "1,2";
			};
			name = Debug;
		};
		253D54B32744364100FE3E66 /* Release */ = {
			isa = XCBuildConfiguration;
			buildSettings = {
				ASSETCATALOG_COMPILER_APPICON_NAME = AppIcon;
				ASSETCATALOG_COMPILER_GLOBAL_ACCENT_COLOR_NAME = AccentColor;
				CODE_SIGN_STYLE = Automatic;
				CURRENT_PROJECT_VERSION = 1;
				DEVELOPMENT_ASSET_PATHS = "\"NinjaUI/Resources/Preview Content\"";
				DEVELOPMENT_TEAM = 7R5SGC6JP6;
				ENABLE_PREVIEWS = YES;
				GENERATE_INFOPLIST_FILE = YES;
				INFOPLIST_KEY_UIApplicationSceneManifest_Generation = YES;
				INFOPLIST_KEY_UIApplicationSupportsIndirectInputEvents = YES;
				INFOPLIST_KEY_UILaunchScreen_Generation = YES;
				INFOPLIST_KEY_UISupportedInterfaceOrientations_iPad = "UIInterfaceOrientationPortrait UIInterfaceOrientationPortraitUpsideDown UIInterfaceOrientationLandscapeLeft UIInterfaceOrientationLandscapeRight";
				INFOPLIST_KEY_UISupportedInterfaceOrientations_iPhone = "UIInterfaceOrientationPortrait UIInterfaceOrientationLandscapeLeft UIInterfaceOrientationLandscapeRight";
				LD_RUNPATH_SEARCH_PATHS = (
					"$(inherited)",
					"@executable_path/Frameworks",
				);
				MARKETING_VERSION = 1.0;
				PRODUCT_BUNDLE_IDENTIFIER = com.mooncorp.NinjaUI;
				PRODUCT_NAME = "$(TARGET_NAME)";
				SWIFT_EMIT_LOC_STRINGS = YES;
				SWIFT_VERSION = 5.0;
				TARGETED_DEVICE_FAMILY = "1,2";
			};
			name = Release;
		};
/* End XCBuildConfiguration section */

/* Begin XCConfigurationList section */
		253D549E2744364000FE3E66 /* Build configuration list for PBXProject "NinjaUI" */ = {
			isa = XCConfigurationList;
			buildConfigurations = (
				253D54AF2744364100FE3E66 /* Debug */,
				253D54B02744364100FE3E66 /* Release */,
			);
			defaultConfigurationIsVisible = 0;
			defaultConfigurationName = Release;
		};
		253D54B12744364100FE3E66 /* Build configuration list for PBXNativeTarget "NinjaUI" */ = {
			isa = XCConfigurationList;
			buildConfigurations = (
				253D54B22744364100FE3E66 /* Debug */,
				253D54B32744364100FE3E66 /* Release */,
			);
			defaultConfigurationIsVisible = 0;
			defaultConfigurationName = Release;
		};
/* End XCConfigurationList section */

/* Begin XCSwiftPackageProductDependency section */
		253D54B72744367B00FE3E66 /* NinjaKit */ = {
			isa = XCSwiftPackageProductDependency;
			productName = NinjaKit;
		};
/* End XCSwiftPackageProductDependency section */
	};
	rootObject = 253D549B2744364000FE3E66 /* Project object */;
}
